
Microsoft Visual Studio Solution File, Format Version 12.00
# Visual Studio Version 17
VisualStudioVersion = 17.6.33829.357
MinimumVisualStudioVersion = 10.0.40219.1
Project("{FAE04EC0-301F-11D3-BF4B-00C04F79EFBC}") = "API_CHAPTER", "API_CHAPTER\API_CHAPTER.csproj", "{1B028D4F-2397-4801-BB32-6616250CC4D8}"
EndProject
Global
	GlobalSection(SolutionConfigurationPlatforms) = preSolution
		Debug|Any CPU = Debug|Any CPU
		Release|Any CPU = Release|Any CPU
	EndGlobalSection
	GlobalSection(ProjectConfigurationPlatforms) = postSolution
		{1B028D4F-2397-4801-BB32-6616250CC4D8}.Debug|Any CPU.ActiveCfg = Debug|Any CPU
		{1B028D4F-2397-4801-BB32-6616250CC4D8}.Debug|Any CPU.Build.0 = Debug|Any CPU
		{1B028D4F-2397-4801-BB32-6616250CC4D8}.Release|Any CPU.ActiveCfg = Release|Any CPU
		{1B028D4F-2397-4801-BB32-6616250CC4D8}.Release|Any CPU.Build.0 = Release|Any CPU
	EndGlobalSection
	GlobalSection(SolutionProperties) = preSolution
		HideSolutionNode = FALSE
	EndGlobalSection
	GlobalSection(ExtensibilityGlobals) = postSolution
		SolutionGuid = {4E41F7B1-9BA6-4AD4-AF49-42496B59F590}
	EndGlobalSection
EndGlobal
